
Microsoft Visual Studio Solution File, Format Version 12.00
# Visual Studio 15
VisualStudioVersion = 15.0.28307.539
MinimumVisualStudioVersion = 10.0.40219.1
Project("{FAE04EC0-301F-11D3-BF4B-00C04F79EFBC}") = "ApiTest", "ApiTest\ApiTest.csproj", "{1A06AE5F-4FA5-465A-9AB6-55FD37A52368}"
EndProject
Project("{8BC9CEB8-8B4A-11D0-8D11-00A0C91BC942}") = "PowerWrapper", "PowerWrapper\PowerWrapper.vcxproj", "{4A7D3021-CC0D-40EF-B928-EBE526DB7180}"
EndProject
Project("{FAE04EC0-301F-11D3-BF4B-00C04F79EFBC}") = "PowerWrapperCom", "PowerWrapperCom\PowerWrapperCom.csproj", "{4B502F8B-2786-4D74-8779-212F09AE7F55}"
EndProject
Global
	GlobalSection(SolutionConfigurationPlatforms) = preSolution
		Debug|Any CPU = Debug|Any CPU
		Debug|x64 = Debug|x64
		Debug|x86 = Debug|x86
		Release|Any CPU = Release|Any CPU
		Release|x64 = Release|x64
		Release|x86 = Release|x86
	EndGlobalSection
	GlobalSection(ProjectConfigurationPlatforms) = postSolution
		{1A06AE5F-4FA5-465A-9AB6-55FD37A52368}.Debug|Any CPU.ActiveCfg = Debug|Any CPU
		{1A06AE5F-4FA5-465A-9AB6-55FD37A52368}.Debug|Any CPU.Build.0 = Debug|Any CPU
		{1A06AE5F-4FA5-465A-9AB6-55FD37A52368}.Debug|x64.ActiveCfg = Debug|Any CPU
		{1A06AE5F-4FA5-465A-9AB6-55FD37A52368}.Debug|x64.Build.0 = Debug|Any CPU
		{1A06AE5F-4FA5-465A-9AB6-55FD37A52368}.Debug|x86.ActiveCfg = Debug|Any CPU
		{1A06AE5F-4FA5-465A-9AB6-55FD37A52368}.Debug|x86.Build.0 = Debug|Any CPU
		{1A06AE5F-4FA5-465A-9AB6-55FD37A52368}.Release|Any CPU.ActiveCfg = Release|Any CPU
		{1A06AE5F-4FA5-465A-9AB6-55FD37A52368}.Release|Any CPU.Build.0 = Release|Any CPU
		{1A06AE5F-4FA5-465A-9AB6-55FD37A52368}.Release|x64.ActiveCfg = Release|Any CPU
		{1A06AE5F-4FA5-465A-9AB6-55FD37A52368}.Release|x64.Build.0 = Release|Any CPU
		{1A06AE5F-4FA5-465A-9AB6-55FD37A52368}.Release|x86.ActiveCfg = Release|Any CPU
		{1A06AE5F-4FA5-465A-9AB6-55FD37A52368}.Release|x86.Build.0 = Release|Any CPU
		{4A7D3021-CC0D-40EF-B928-EBE526DB7180}.Debug|Any CPU.ActiveCfg = Debug|Win32
		{4A7D3021-CC0D-40EF-B928-EBE526DB7180}.Debug|x64.ActiveCfg = Debug|x64
		{4A7D3021-CC0D-40EF-B928-EBE526DB7180}.Debug|x64.Build.0 = Debug|x64
		{4A7D3021-CC0D-40EF-B928-EBE526DB7180}.Debug|x86.ActiveCfg = Debug|Win32
		{4A7D3021-CC0D-40EF-B928-EBE526DB7180}.Debug|x86.Build.0 = Debug|Win32
		{4A7D3021-CC0D-40EF-B928-EBE526DB7180}.Release|Any CPU.ActiveCfg = Release|Win32
		{4A7D3021-CC0D-40EF-B928-EBE526DB7180}.Release|x64.ActiveCfg = Release|x64
		{4A7D3021-CC0D-40EF-B928-EBE526DB7180}.Release|x64.Build.0 = Release|x64
		{4A7D3021-CC0D-40EF-B928-EBE526DB7180}.Release|x86.ActiveCfg = Release|Win32
		{4A7D3021-CC0D-40EF-B928-EBE526DB7180}.Release|x86.Build.0 = Release|Win32
		{4B502F8B-2786-4D74-8779-212F09AE7F55}.Debug|Any CPU.ActiveCfg = Debug|Any CPU
		{4B502F8B-2786-4D74-8779-212F09AE7F55}.Debug|Any CPU.Build.0 = Debug|Any CPU
		{4B502F8B-2786-4D74-8779-212F09AE7F55}.Debug|x64.ActiveCfg = Debug|Any CPU
		{4B502F8B-2786-4D74-8779-212F09AE7F55}.Debug|x64.Build.0 = Debug|Any CPU
		{4B502F8B-2786-4D74-8779-212F09AE7F55}.Debug|x86.ActiveCfg = Debug|Any CPU
		{4B502F8B-2786-4D74-8779-212F09AE7F55}.Debug|x86.Build.0 = Debug|Any CPU
		{4B502F8B-2786-4D74-8779-212F09AE7F55}.Release|Any CPU.ActiveCfg = Release|Any CPU
		{4B502F8B-2786-4D74-8779-212F09AE7F55}.Release|Any CPU.Build.0 = Release|Any CPU
		{4B502F8B-2786-4D74-8779-212F09AE7F55}.Release|x64.ActiveCfg = Release|Any CPU
		{4B502F8B-2786-4D74-8779-212F09AE7F55}.Release|x64.Build.0 = Release|Any CPU
		{4B502F8B-2786-4D74-8779-212F09AE7F55}.Release|x86.ActiveCfg = Release|Any CPU
		{4B502F8B-2786-4D74-8779-212F09AE7F55}.Release|x86.Build.0 = Release|Any CPU
	EndGlobalSection
	GlobalSection(SolutionProperties) = preSolution
		HideSolutionNode = FALSE
	EndGlobalSection
	GlobalSection(ExtensibilityGlobals) = postSolution
		SolutionGuid = {10687D28-BC33-4CDE-B0B4-9C333E2ED3BC}
	EndGlobalSection
EndGlobal
